// !$*UTF8*$!
{
	archiveVersion = 1;
	classes = {
	};
	objectVersion = 55;
	objects = {

/* Begin PBXBuildFile section */
		A30B7818292AF356002CD1BF /* Expr.swift in Sources */ = {isa = PBXBuildFile; fileRef = A30B7817292AF356002CD1BF /* Expr.swift */; };
		A31BB18B29A8687C00D82B94 /* LexmeGroup.swift in Sources */ = {isa = PBXBuildFile; fileRef = A31BB18A29A8687C00D82B94 /* LexmeGroup.swift */; };
		A31BB18D29A8688900D82B94 /* NonTokenInputs.swift in Sources */ = {isa = PBXBuildFile; fileRef = A31BB18C29A8688900D82B94 /* NonTokenInputs.swift */; };
		A31BB18E29A869C400D82B94 /* NonTokenInputs.swift in Sources */ = {isa = PBXBuildFile; fileRef = A31BB18C29A8688900D82B94 /* NonTokenInputs.swift */; };
		A31BB18F29A869C800D82B94 /* LexmeGroup.swift in Sources */ = {isa = PBXBuildFile; fileRef = A31BB18A29A8687C00D82B94 /* LexmeGroup.swift */; };
		A328369B29AC9E780006AFA1 /* MainProgram.swift in Sources */ = {isa = PBXBuildFile; fileRef = A3F3790828C43B7700F33047 /* MainProgram.swift */; };
		A355E2B12921FB88007FF810 /* ScannerTests.swift in Sources */ = {isa = PBXBuildFile; fileRef = A355E2B02921FB88007FF810 /* ScannerTests.swift */; };
		A355E2B22921FB94007FF810 /* Scanner.swift in Sources */ = {isa = PBXBuildFile; fileRef = A3FD51572920BE6D00C4D488 /* Scanner.swift */; };
		A355E2B32921FBD8007FF810 /* Token.swift in Sources */ = {isa = PBXBuildFile; fileRef = A37381CF28DDB186006B4B72 /* Token.swift */; };
		A355E2B42921FBDB007FF810 /* Lexme.swift in Sources */ = {isa = PBXBuildFile; fileRef = A3F3790A28CA200D00F33047 /* Lexme.swift */; };
		A355E2B62921FC06007FF810 /* ConsoleIO.swift in Sources */ = {isa = PBXBuildFile; fileRef = A3F3790428C43B3D00F33047 /* ConsoleIO.swift */; };
		A37381D028DDB186006B4B72 /* Token.swift in Sources */ = {isa = PBXBuildFile; fileRef = A37381CF28DDB186006B4B72 /* Token.swift */; };
		A39F53F2298A5D2E006A7ACF /* ExprVisitor.swift in Sources */ = {isa = PBXBuildFile; fileRef = A39F53F1298A5D2E006A7ACF /* ExprVisitor.swift */; };
		A39F53F5298B1A1C006A7ACF /* ASTPrinter.swift in Sources */ = {isa = PBXBuildFile; fileRef = A39F53F4298B1A1C006A7ACF /* ASTPrinter.swift */; };
		A39F53F7298B8AEB006A7ACF /* ASTPrinterTests.swift in Sources */ = {isa = PBXBuildFile; fileRef = A39F53F6298B8AEB006A7ACF /* ASTPrinterTests.swift */; };
		A39F53F8298B8C04006A7ACF /* ASTPrinter.swift in Sources */ = {isa = PBXBuildFile; fileRef = A39F53F4298B1A1C006A7ACF /* ASTPrinter.swift */; };
		A39F53F9298B8C07006A7ACF /* ExprVisitor.swift in Sources */ = {isa = PBXBuildFile; fileRef = A39F53F1298A5D2E006A7ACF /* ExprVisitor.swift */; };
		A39F53FA298B8C0C006A7ACF /* Expr.swift in Sources */ = {isa = PBXBuildFile; fileRef = A30B7817292AF356002CD1BF /* Expr.swift */; };
		A3F378F828C4356000F33047 /* main.swift in Sources */ = {isa = PBXBuildFile; fileRef = A3F378F728C4356000F33047 /* main.swift */; };
		A3F3790528C43B3D00F33047 /* ConsoleIO.swift in Sources */ = {isa = PBXBuildFile; fileRef = A3F3790428C43B3D00F33047 /* ConsoleIO.swift */; };
		A3F3790928C43B7700F33047 /* MainProgram.swift in Sources */ = {isa = PBXBuildFile; fileRef = A3F3790828C43B7700F33047 /* MainProgram.swift */; };
		A3F3790B28CA200D00F33047 /* Lexme.swift in Sources */ = {isa = PBXBuildFile; fileRef = A3F3790A28CA200D00F33047 /* Lexme.swift */; };
		A3FD51582920BE6D00C4D488 /* Scanner.swift in Sources */ = {isa = PBXBuildFile; fileRef = A3FD51572920BE6D00C4D488 /* Scanner.swift */; };
/* End PBXBuildFile section */

/* Begin PBXCopyFilesBuildPhase section */
		A3F378F228C4356000F33047 /* CopyFiles */ = {
			isa = PBXCopyFilesBuildPhase;
			buildActionMask = 2147483647;
			dstPath = /usr/share/man/man1/;
			dstSubfolderSpec = 0;
			files = (
			);
			runOnlyForDeploymentPostprocessing = 1;
		};
/* End PBXCopyFilesBuildPhase section */

/* Begin PBXFileReference section */
		A30B7817292AF356002CD1BF /* Expr.swift */ = {isa = PBXFileReference; lastKnownFileType = sourcecode.swift; path = Expr.swift; sourceTree = "<group>"; };
		A31BB18729A83A3700D82B94 /* LexmeTests.swift */ = {isa = PBXFileReference; lastKnownFileType = sourcecode.swift; path = LexmeTests.swift; sourceTree = "<group>"; };
		A31BB18A29A8687C00D82B94 /* LexmeGroup.swift */ = {isa = PBXFileReference; lastKnownFileType = sourcecode.swift; path = LexmeGroup.swift; sourceTree = "<group>"; };
		A31BB18C29A8688900D82B94 /* NonTokenInputs.swift */ = {isa = PBXFileReference; lastKnownFileType = sourcecode.swift; path = NonTokenInputs.swift; sourceTree = "<group>"; };
		A355E2A92921FB79007FF810 /* SwiftLoxTests.xctest */ = {isa = PBXFileReference; explicitFileType = wrapper.cfbundle; includeInIndex = 0; path = SwiftLoxTests.xctest; sourceTree = BUILT_PRODUCTS_DIR; };
		A355E2B02921FB88007FF810 /* ScannerTests.swift */ = {isa = PBXFileReference; lastKnownFileType = sourcecode.swift; path = ScannerTests.swift; sourceTree = "<group>"; };
		A37381CF28DDB186006B4B72 /* Token.swift */ = {isa = PBXFileReference; lastKnownFileType = sourcecode.swift; path = Token.swift; sourceTree = "<group>"; };
		A39F53F1298A5D2E006A7ACF /* ExprVisitor.swift */ = {isa = PBXFileReference; lastKnownFileType = sourcecode.swift; path = ExprVisitor.swift; sourceTree = "<group>"; };
		A39F53F4298B1A1C006A7ACF /* ASTPrinter.swift */ = {isa = PBXFileReference; lastKnownFileType = sourcecode.swift; path = ASTPrinter.swift; sourceTree = "<group>"; };
		A39F53F6298B8AEB006A7ACF /* ASTPrinterTests.swift */ = {isa = PBXFileReference; lastKnownFileType = sourcecode.swift; path = ASTPrinterTests.swift; sourceTree = "<group>"; };
		A3F378F428C4356000F33047 /* SwiftLox */ = {isa = PBXFileReference; explicitFileType = "compiled.mach-o.executable"; includeInIndex = 0; path = SwiftLox; sourceTree = BUILT_PRODUCTS_DIR; };
		A3F378F728C4356000F33047 /* main.swift */ = {isa = PBXFileReference; lastKnownFileType = sourcecode.swift; path = main.swift; sourceTree = "<group>"; };
		A3F3790428C43B3D00F33047 /* ConsoleIO.swift */ = {isa = PBXFileReference; lastKnownFileType = sourcecode.swift; path = ConsoleIO.swift; sourceTree = "<group>"; };
		A3F3790828C43B7700F33047 /* MainProgram.swift */ = {isa = PBXFileReference; lastKnownFileType = sourcecode.swift; path = MainProgram.swift; sourceTree = "<group>"; };
		A3F3790A28CA200D00F33047 /* Lexme.swift */ = {isa = PBXFileReference; lastKnownFileType = sourcecode.swift; path = Lexme.swift; sourceTree = "<group>"; };
		A3FD51572920BE6D00C4D488 /* Scanner.swift */ = {isa = PBXFileReference; lastKnownFileType = sourcecode.swift; path = Scanner.swift; sourceTree = "<group>"; };
/* End PBXFileReference section */

/* Begin PBXFrameworksBuildPhase section */
		A355E2A62921FB79007FF810 /* Frameworks */ = {
			isa = PBXFrameworksBuildPhase;
			buildActionMask = 2147483647;
			files = (
			);
			runOnlyForDeploymentPostprocessing = 0;
		};
		A3F378F128C4356000F33047 /* Frameworks */ = {
			isa = PBXFrameworksBuildPhase;
			buildActionMask = 2147483647;
			files = (
			);
			runOnlyForDeploymentPostprocessing = 0;
		};
/* End PBXFrameworksBuildPhase section */

/* Begin PBXGroup section */
		A30B7816292AF334002CD1BF /* Parsing */ = {
			isa = PBXGroup;
			children = (
				A30B7817292AF356002CD1BF /* Expr.swift */,
				A39F53F3298B19BC006A7ACF /* Visitor Pattern */,
			);
			path = Parsing;
			sourceTree = "<group>";
		};
		A31BB18929A8685100D82B94 /* Lexme */ = {
			isa = PBXGroup;
			children = (
				A3F3790A28CA200D00F33047 /* Lexme.swift */,
				A31BB18C29A8688900D82B94 /* NonTokenInputs.swift */,
				A31BB18A29A8687C00D82B94 /* LexmeGroup.swift */,
			);
			path = Lexme;
			sourceTree = "<group>";
		};
		A355E2AA2921FB79007FF810 /* SwiftLoxTests */ = {
			isa = PBXGroup;
			children = (
				A31BB18729A83A3700D82B94 /* LexmeTests.swift */,
				A355E2B02921FB88007FF810 /* ScannerTests.swift */,
				A39F53F6298B8AEB006A7ACF /* ASTPrinterTests.swift */,
			);
			path = SwiftLoxTests;
			sourceTree = "<group>";
		};
		A37381CE28DDB163006B4B72 /* Scanning */ = {
			isa = PBXGroup;
			children = (
				A31BB18929A8685100D82B94 /* Lexme */,
				A37381CF28DDB186006B4B72 /* Token.swift */,
				A3FD51572920BE6D00C4D488 /* Scanner.swift */,
			);
			path = Scanning;
			sourceTree = "<group>";
		};
		A39F53F3298B19BC006A7ACF /* Visitor Pattern */ = {
			isa = PBXGroup;
			children = (
				A39F53F1298A5D2E006A7ACF /* ExprVisitor.swift */,
				A39F53F4298B1A1C006A7ACF /* ASTPrinter.swift */,
			);
			path = "Visitor Pattern";
			sourceTree = "<group>";
		};
		A3F378EB28C4356000F33047 = {
			isa = PBXGroup;
			children = (
				A3F378F628C4356000F33047 /* SwiftLox */,
				A355E2AA2921FB79007FF810 /* SwiftLoxTests */,
				A3F378F528C4356000F33047 /* Products */,
			);
			sourceTree = "<group>";
		};
		A3F378F528C4356000F33047 /* Products */ = {
			isa = PBXGroup;
			children = (
				A3F378F428C4356000F33047 /* SwiftLox */,
				A355E2A92921FB79007FF810 /* SwiftLoxTests.xctest */,
			);
			name = Products;
			sourceTree = "<group>";
		};
		A3F378F628C4356000F33047 /* SwiftLox */ = {
			isa = PBXGroup;
			children = (
				A3F378F728C4356000F33047 /* main.swift */,
				A3F3790428C43B3D00F33047 /* ConsoleIO.swift */,
				A3F3790828C43B7700F33047 /* MainProgram.swift */,
				A37381CE28DDB163006B4B72 /* Scanning */,
				A30B7816292AF334002CD1BF /* Parsing */,
			);
			path = SwiftLox;
			sourceTree = "<group>";
		};
/* End PBXGroup section */

/* Begin PBXNativeTarget section */
		A355E2A82921FB79007FF810 /* SwiftLoxTests */ = {
			isa = PBXNativeTarget;
			buildConfigurationList = A355E2AD2921FB79007FF810 /* Build configuration list for PBXNativeTarget "SwiftLoxTests" */;
			buildPhases = (
				A355E2A52921FB79007FF810 /* Sources */,
				A355E2A62921FB79007FF810 /* Frameworks */,
				A355E2A72921FB79007FF810 /* Resources */,
			);
			buildRules = (
			);
			dependencies = (
			);
			name = SwiftLoxTests;
			productName = SwiftLoxTests;
			productReference = A355E2A92921FB79007FF810 /* SwiftLoxTests.xctest */;
			productType = "com.apple.product-type.bundle.unit-test";
		};
		A3F378F328C4356000F33047 /* SwiftLox */ = {
			isa = PBXNativeTarget;
			buildConfigurationList = A3F378FB28C4356000F33047 /* Build configuration list for PBXNativeTarget "SwiftLox" */;
			buildPhases = (
				A3F378F028C4356000F33047 /* Sources */,
				A3F378F128C4356000F33047 /* Frameworks */,
				A3F378F228C4356000F33047 /* CopyFiles */,
			);
			buildRules = (
			);
			dependencies = (
			);
			name = SwiftLox;
			productName = SwiftLox;
			productReference = A3F378F428C4356000F33047 /* SwiftLox */;
			productType = "com.apple.product-type.tool";
		};
/* End PBXNativeTarget section */

/* Begin PBXProject section */
		A3F378EC28C4356000F33047 /* Project object */ = {
			isa = PBXProject;
			attributes = {
				BuildIndependentTargetsInParallel = 1;
				LastSwiftUpdateCheck = 1410;
				LastUpgradeCheck = 1400;
				TargetAttributes = {
					A355E2A82921FB79007FF810 = {
						CreatedOnToolsVersion = 14.1;
						LastSwiftMigration = 1410;
					};
					A3F378F328C4356000F33047 = {
						CreatedOnToolsVersion = 13.4.1;
					};
				};
			};
			buildConfigurationList = A3F378EF28C4356000F33047 /* Build configuration list for PBXProject "SwiftLox" */;
			compatibilityVersion = "Xcode 13.0";
			developmentRegion = en;
			hasScannedForEncodings = 0;
			knownRegions = (
				en,
				Base,
			);
			mainGroup = A3F378EB28C4356000F33047;
			productRefGroup = A3F378F528C4356000F33047 /* Products */;
			projectDirPath = "";
			projectRoot = "";
			targets = (
				A3F378F328C4356000F33047 /* SwiftLox */,
				A355E2A82921FB79007FF810 /* SwiftLoxTests */,
			);
		};
/* End PBXProject section */

/* Begin PBXResourcesBuildPhase section */
		A355E2A72921FB79007FF810 /* Resources */ = {
			isa = PBXResourcesBuildPhase;
			buildActionMask = 2147483647;
			files = (
			);
			runOnlyForDeploymentPostprocessing = 0;
		};
/* End PBXResourcesBuildPhase section */

/* Begin PBXSourcesBuildPhase section */
		A355E2A52921FB79007FF810 /* Sources */ = {
			isa = PBXSourcesBuildPhase;
			buildActionMask = 2147483647;
			files = (
				A39F53FA298B8C0C006A7ACF /* Expr.swift in Sources */,
				A31BB18E29A869C400D82B94 /* NonTokenInputs.swift in Sources */,
				A31BB18F29A869C800D82B94 /* LexmeGroup.swift in Sources */,
				A355E2B32921FBD8007FF810 /* Token.swift in Sources */,
				A355E2B42921FBDB007FF810 /* Lexme.swift in Sources */,
				A355E2B22921FB94007FF810 /* Scanner.swift in Sources */,
				A355E2B62921FC06007FF810 /* ConsoleIO.swift in Sources */,
				A355E2B12921FB88007FF810 /* ScannerTests.swift in Sources */,
				A39F53F7298B8AEB006A7ACF /* ASTPrinterTests.swift in Sources */,
				A31BB18829A83A3700D82B94 /* LexmeTests.swift in Sources */,
				A39F53F8298B8C04006A7ACF /* ASTPrinter.swift in Sources */,
				A39F53F9298B8C07006A7ACF /* ExprVisitor.swift in Sources */,
				A328369B29AC9E780006AFA1 /* MainProgram.swift in Sources */,
			);
			runOnlyForDeploymentPostprocessing = 0;
		};
		A3F378F028C4356000F33047 /* Sources */ = {
			isa = PBXSourcesBuildPhase;
			buildActionMask = 2147483647;
			files = (
				A3F3790928C43B7700F33047 /* MainProgram.swift in Sources */,
				A37381D028DDB186006B4B72 /* Token.swift in Sources */,
				A31BB18D29A8688900D82B94 /* NonTokenInputs.swift in Sources */,
				A3F3790B28CA200D00F33047 /* Lexme.swift in Sources */,
				A30B7818292AF356002CD1BF /* Expr.swift in Sources */,
				A39F53F5298B1A1C006A7ACF /* ASTPrinter.swift in Sources */,
				A3F378F828C4356000F33047 /* main.swift in Sources */,
				A39F53F2298A5D2E006A7ACF /* ExprVisitor.swift in Sources */,
				A31BB18B29A8687C00D82B94 /* LexmeGroup.swift in Sources */,
				A3FD51582920BE6D00C4D488 /* Scanner.swift in Sources */,
				A3F3790528C43B3D00F33047 /* ConsoleIO.swift in Sources */,
			);
			runOnlyForDeploymentPostprocessing = 0;
		};
/* End PBXSourcesBuildPhase section */

/* Begin XCBuildConfiguration section */
		A355E2AE2921FB79007FF810 /* Debug */ = {
			isa = XCBuildConfiguration;
			buildSettings = {
				CLANG_CXX_LANGUAGE_STANDARD = "gnu++20";
				CLANG_ENABLE_MODULES = YES;
				CODE_SIGN_STYLE = Automatic;
				CURRENT_PROJECT_VERSION = 1;
				DEVELOPMENT_TEAM = 29F59849NR;
				GENERATE_INFOPLIST_FILE = YES;
				LD_RUNPATH_SEARCH_PATHS = (
					"$(inherited)",
					"@executable_path/../Frameworks",
					"@loader_path/../Frameworks",
				);
				MACOSX_DEPLOYMENT_TARGET = 13.0;
				MARKETING_VERSION = 1.0;
				PRODUCT_BUNDLE_IDENTIFIER = com.ranveer.SwiftLoxTests;
				PRODUCT_NAME = "$(TARGET_NAME)";
				SWIFT_EMIT_LOC_STRINGS = NO;
				SWIFT_OPTIMIZATION_LEVEL = "-Onone";
				SWIFT_VERSION = 5.0;
			};
			name = Debug;
		};
		A355E2AF2921FB79007FF810 /* Release */ = {
			isa = XCBuildConfiguration;
			buildSettings = {
				CLANG_CXX_LANGUAGE_STANDARD = "gnu++20";
				CLANG_ENABLE_MODULES = YES;
				CODE_SIGN_STYLE = Automatic;
				CURRENT_PROJECT_VERSION = 1;
				DEVELOPMENT_TEAM = 29F59849NR;
				GENERATE_INFOPLIST_FILE = YES;
				LD_RUNPATH_SEARCH_PATHS = (
					"$(inherited)",
					"@executable_path/../Frameworks",
					"@loader_path/../Frameworks",
				);
				MACOSX_DEPLOYMENT_TARGET = 13.0;
				MARKETING_VERSION = 1.0;
				PRODUCT_BUNDLE_IDENTIFIER = com.ranveer.SwiftLoxTests;
				PRODUCT_NAME = "$(TARGET_NAME)";
				SWIFT_EMIT_LOC_STRINGS = NO;
				SWIFT_VERSION = 5.0;
			};
			name = Release;
		};
		A3F378F928C4356000F33047 /* Debug */ = {
			isa = XCBuildConfiguration;
			buildSettings = {
				ALWAYS_SEARCH_USER_PATHS = NO;
				CLANG_ANALYZER_NONNULL = YES;
				CLANG_ANALYZER_NUMBER_OBJECT_CONVERSION = YES_AGGRESSIVE;
				CLANG_CXX_LANGUAGE_STANDARD = "gnu++17";
				CLANG_ENABLE_MODULES = YES;
				CLANG_ENABLE_OBJC_ARC = YES;
				CLANG_ENABLE_OBJC_WEAK = YES;
				CLANG_WARN_BLOCK_CAPTURE_AUTORELEASING = YES;
				CLANG_WARN_BOOL_CONVERSION = YES;
				CLANG_WARN_COMMA = YES;
				CLANG_WARN_CONSTANT_CONVERSION = YES;
				CLANG_WARN_DEPRECATED_OBJC_IMPLEMENTATIONS = YES;
				CLANG_WARN_DIRECT_OBJC_ISA_USAGE = YES_ERROR;
				CLANG_WARN_DOCUMENTATION_COMMENTS = YES;
				CLANG_WARN_EMPTY_BODY = YES;
				CLANG_WARN_ENUM_CONVERSION = YES;
				CLANG_WARN_INFINITE_RECURSION = YES;
				CLANG_WARN_INT_CONVERSION = YES;
				CLANG_WARN_NON_LITERAL_NULL_CONVERSION = YES;
				CLANG_WARN_OBJC_IMPLICIT_RETAIN_SELF = YES;
				CLANG_WARN_OBJC_LITERAL_CONVERSION = YES;
				CLANG_WARN_OBJC_ROOT_CLASS = YES_ERROR;
				CLANG_WARN_QUOTED_INCLUDE_IN_FRAMEWORK_HEADER = YES;
				CLANG_WARN_RANGE_LOOP_ANALYSIS = YES;
				CLANG_WARN_STRICT_PROTOTYPES = YES;
				CLANG_WARN_SUSPICIOUS_MOVE = YES;
				CLANG_WARN_UNGUARDED_AVAILABILITY = YES_AGGRESSIVE;
				CLANG_WARN_UNREACHABLE_CODE = YES;
				CLANG_WARN__DUPLICATE_METHOD_MATCH = YES;
				COPY_PHASE_STRIP = NO;
				DEAD_CODE_STRIPPING = YES;
				DEBUG_INFORMATION_FORMAT = dwarf;
				ENABLE_STRICT_OBJC_MSGSEND = YES;
				ENABLE_TESTABILITY = YES;
				GCC_C_LANGUAGE_STANDARD = gnu11;
				GCC_DYNAMIC_NO_PIC = NO;
				GCC_NO_COMMON_BLOCKS = YES;
				GCC_OPTIMIZATION_LEVEL = 0;
				GCC_PREPROCESSOR_DEFINITIONS = (
					"DEBUG=1",
					"$(inherited)",
				);
				GCC_WARN_64_TO_32_BIT_CONVERSION = YES;
				GCC_WARN_ABOUT_RETURN_TYPE = YES_ERROR;
				GCC_WARN_UNDECLARED_SELECTOR = YES;
				GCC_WARN_UNINITIALIZED_AUTOS = YES_AGGRESSIVE;
				GCC_WARN_UNUSED_FUNCTION = YES;
				GCC_WARN_UNUSED_VARIABLE = YES;
				MACOSX_DEPLOYMENT_TARGET = 13.0;
				MTL_ENABLE_DEBUG_INFO = INCLUDE_SOURCE;
				MTL_FAST_MATH = YES;
				ONLY_ACTIVE_ARCH = YES;
				SDKROOT = macosx;
				SWIFT_ACTIVE_COMPILATION_CONDITIONS = DEBUG;
				SWIFT_OPTIMIZATION_LEVEL = "-Onone";
			};
			name = Debug;
		};
		A3F378FA28C4356000F33047 /* Release */ = {
			isa = XCBuildConfiguration;
			buildSettings = {
				ALWAYS_SEARCH_USER_PATHS = NO;
				CLANG_ANALYZER_NONNULL = YES;
				CLANG_ANALYZER_NUMBER_OBJECT_CONVERSION = YES_AGGRESSIVE;
				CLANG_CXX_LANGUAGE_STANDARD = "gnu++17";
				CLANG_ENABLE_MODULES = YES;
				CLANG_ENABLE_OBJC_ARC = YES;
				CLANG_ENABLE_OBJC_WEAK = YES;
				CLANG_WARN_BLOCK_CAPTURE_AUTORELEASING = YES;
				CLANG_WARN_BOOL_CONVERSION = YES;
				CLANG_WARN_COMMA = YES;
				CLANG_WARN_CONSTANT_CONVERSION = YES;
				CLANG_WARN_DEPRECATED_OBJC_IMPLEMENTATIONS = YES;
				CLANG_WARN_DIRECT_OBJC_ISA_USAGE = YES_ERROR;
				CLANG_WARN_DOCUMENTATION_COMMENTS = YES;
				CLANG_WARN_EMPTY_BODY = YES;
				CLANG_WARN_ENUM_CONVERSION = YES;
				CLANG_WARN_INFINITE_RECURSION = YES;
				CLANG_WARN_INT_CONVERSION = YES;
				CLANG_WARN_NON_LITERAL_NULL_CONVERSION = YES;
				CLANG_WARN_OBJC_IMPLICIT_RETAIN_SELF = YES;
				CLANG_WARN_OBJC_LITERAL_CONVERSION = YES;
				CLANG_WARN_OBJC_ROOT_CLASS = YES_ERROR;
				CLANG_WARN_QUOTED_INCLUDE_IN_FRAMEWORK_HEADER = YES;
				CLANG_WARN_RANGE_LOOP_ANALYSIS = YES;
				CLANG_WARN_STRICT_PROTOTYPES = YES;
				CLANG_WARN_SUSPICIOUS_MOVE = YES;
				CLANG_WARN_UNGUARDED_AVAILABILITY = YES_AGGRESSIVE;
				CLANG_WARN_UNREACHABLE_CODE = YES;
				CLANG_WARN__DUPLICATE_METHOD_MATCH = YES;
				COPY_PHASE_STRIP = NO;
				DEAD_CODE_STRIPPING = YES;
				DEBUG_INFORMATION_FORMAT = "dwarf-with-dsym";
				ENABLE_NS_ASSERTIONS = NO;
				ENABLE_STRICT_OBJC_MSGSEND = YES;
				GCC_C_LANGUAGE_STANDARD = gnu11;
				GCC_NO_COMMON_BLOCKS = YES;
				GCC_WARN_64_TO_32_BIT_CONVERSION = YES;
				GCC_WARN_ABOUT_RETURN_TYPE = YES_ERROR;
				GCC_WARN_UNDECLARED_SELECTOR = YES;
				GCC_WARN_UNINITIALIZED_AUTOS = YES_AGGRESSIVE;
				GCC_WARN_UNUSED_FUNCTION = YES;
				GCC_WARN_UNUSED_VARIABLE = YES;
				MACOSX_DEPLOYMENT_TARGET = 13.0;
				MTL_ENABLE_DEBUG_INFO = NO;
				MTL_FAST_MATH = YES;
				SDKROOT = macosx;
				SWIFT_COMPILATION_MODE = wholemodule;
				SWIFT_OPTIMIZATION_LEVEL = "-O";
			};
			name = Release;
		};
		A3F378FC28C4356000F33047 /* Debug */ = {
			isa = XCBuildConfiguration;
			buildSettings = {
				CODE_SIGN_IDENTITY = "-";
				CODE_SIGN_STYLE = Automatic;
				DEAD_CODE_STRIPPING = YES;
				DEVELOPMENT_TEAM = 29F59849NR;
				ENABLE_HARDENED_RUNTIME = YES;
				PRODUCT_NAME = "$(TARGET_NAME)";
				SWIFT_VERSION = 5.0;
			};
			name = Debug;
		};
		A3F378FD28C4356000F33047 /* Release */ = {
			isa = XCBuildConfiguration;
			buildSettings = {
				CODE_SIGN_IDENTITY = "-";
				CODE_SIGN_STYLE = Automatic;
				DEAD_CODE_STRIPPING = YES;
				DEVELOPMENT_TEAM = 29F59849NR;
				ENABLE_HARDENED_RUNTIME = YES;
				PRODUCT_NAME = "$(TARGET_NAME)";
				SWIFT_VERSION = 5.0;
			};
			name = Release;
		};
/* End XCBuildConfiguration section */

/* Begin XCConfigurationList section */
		A355E2AD2921FB79007FF810 /* Build configuration list for PBXNativeTarget "SwiftLoxTests" */ = {
			isa = XCConfigurationList;
			buildConfigurations = (
				A355E2AE2921FB79007FF810 /* Debug */,
				A355E2AF2921FB79007FF810 /* Release */,
			);
			defaultConfigurationIsVisible = 0;
			defaultConfigurationName = Release;
		};
		A3F378EF28C4356000F33047 /* Build configuration list for PBXProject "SwiftLox" */ = {
			isa = XCConfigurationList;
			buildConfigurations = (
				A3F378F928C4356000F33047 /* Debug */,
				A3F378FA28C4356000F33047 /* Release */,
			);
			defaultConfigurationIsVisible = 0;
			defaultConfigurationName = Release;
		};
		A3F378FB28C4356000F33047 /* Build configuration list for PBXNativeTarget "SwiftLox" */ = {
			isa = XCConfigurationList;
			buildConfigurations = (
				A3F378FC28C4356000F33047 /* Debug */,
				A3F378FD28C4356000F33047 /* Release */,
			);
			defaultConfigurationIsVisible = 0;
			defaultConfigurationName = Release;
		};
/* End XCConfigurationList section */
	};
	rootObject = A3F378EC28C4356000F33047 /* Project object */;
}
